// !$*UTF8*$!
{
	archiveVersion = 1;
	classes = {
	};
	objectVersion = 55;
	objects = {

/* Begin PBXBuildFile section */
		43DA4B032E5042F500469741 /* Tests_iOS.swift in Sources */ = {isa = PBXBuildFile; fileRef = 43DA4B022E5042F500469741 /* Tests_iOS.swift */; };
		43DA4B052E5042F500469741 /* Tests_iOSLaunchTests.swift in Sources */ = {isa = PBXBuildFile; fileRef = 43DA4B042E5042F500469741 /* Tests_iOSLaunchTests.swift */; };
		43DA4B0F2E5042F500469741 /* Tests_macOS.swift in Sources */ = {isa = PBXBuildFile; fileRef = 43DA4B0E2E5042F500469741 /* Tests_macOS.swift */; };
		43DA4B112E5042F500469741 /* Tests_macOSLaunchTests.swift in Sources */ = {isa = PBXBuildFile; fileRef = 43DA4B102E5042F500469741 /* Tests_macOSLaunchTests.swift */; };
		43DA4B122E5042F500469741 /* DK_Rigged.xcdatamodeld in Sources */ = {isa = PBXBuildFile; fileRef = 43DA4AE72E5042F100469741 /* DK_Rigged.xcdatamodeld */; };
		43DA4B132E5042F500469741 /* DK_Rigged.xcdatamodeld in Sources */ = {isa = PBXBuildFile; fileRef = 43DA4AE72E5042F100469741 /* DK_Rigged.xcdatamodeld */; };
		43DA4B142E5042F500469741 /* DK_RiggedApp.swift in Sources */ = {isa = PBXBuildFile; fileRef = 43DA4AE92E5042F100469741 /* DK_RiggedApp.swift */; };
		43DA4B152E5042F500469741 /* DK_RiggedApp.swift in Sources */ = {isa = PBXBuildFile; fileRef = 43DA4AE92E5042F100469741 /* DK_RiggedApp.swift */; };
		43DA4B162E5042F500469741 /* ContentView.swift in Sources */ = {isa = PBXBuildFile; fileRef = 43DA4AEA2E5042F100469741 /* ContentView.swift */; };
		43DA4B172E5042F500469741 /* ContentView.swift in Sources */ = {isa = PBXBuildFile; fileRef = 43DA4AEA2E5042F100469741 /* ContentView.swift */; };
			43DA4B182E5042F500469742 /* Models.swift in Sources */ = {isa = PBXBuildFile; fileRef = 43DA4AEC2E5042F100469742 /* Models.swift */; };
			43DA4B1F2E5042F500469743 /* AppState.swift in Sources */ = {isa = PBXBuildFile; fileRef = 43DA4AEC2E5042F100469743 /* AppState.swift */; };
	43DA4B1A2E5042F500469741 /* Assets.xcassets in Resources */ = {isa = PBXBuildFile; fileRef = 43DA4AEC2E5042F500469741 /* Assets.xcassets */; };
	43DA4B192E5042F500469743 /* Models.swift in Sources */ = {isa = PBXBuildFile; fileRef = 43DA4AEC2E5042F100469742 /* Models.swift */; };
	43DA4B212E5042F500469745 /* AppState.swift in Sources */ = {isa = PBXBuildFile; fileRef = 43DA4AEC2E5042F100469743 /* AppState.swift */; };
	43DA4B1B2E5042F500469746 /* SportsView.swift in Sources */ = {isa = PBXBuildFile; fileRef = 43DA4AED2E5042F100469743 /* SportsView.swift */; };
	43DA4B1D2E5042F500469747 /* CasinoView.swift in Sources */ = {isa = PBXBuildFile; fileRef = 43DA4AEE2E5042F100469744 /* CasinoView.swift */; };
	43DA4B1F2E5042F500469749 /* AccountView.swift in Sources */ = {isa = PBXBuildFile; fileRef = 43DA4AEF2E5042F100469745 /* AccountView.swift */; };
			43DA4B1A2E5042F500469744 /* SportsView.swift in Sources */ = {isa = PBXBuildFile; fileRef = 43DA4AED2E5042F100469743 /* SportsView.swift */; };
	43DA4B202E5042F500469744 /* AppState.swift in Sources */ = {isa = PBXBuildFile; fileRef = 43DA4AEC2E5042F100469743 /* AppState.swift */; };
	43DA4B1B2E5042F500469741 /* Assets.xcassets in Resources */ = {isa = PBXBuildFile; fileRef = 43DA4AEC2E5042F500469741 /* Assets.xcassets */; };
	43DA4B232E5042F500469751 /* Theme.swift in Sources */ = {isa = PBXBuildFile; fileRef = 43DA4AF12E5042F100469750 /* Theme.swift */; };
	43DA4B252E5042F500469753 /* RouletteTableView.swift in Sources */ = {isa = PBXBuildFile; fileRef = 43DA4AF32E5042F100469752 /* RouletteTableView.swift */; };
	43DA4B272E5042F500469755 /* RouletteWheelView.swift in Sources */ = {isa = PBXBuildFile; fileRef = 43DA4AF52E5042F100469754 /* RouletteWheelView.swift */; };
	43DA4B292E5042F500469757 /* ChipView.swift in Sources */ = {isa = PBXBuildFile; fileRef = 43DA4AF72E5042F100469756 /* ChipView.swift */; };
		43DA4B1C2E5042F500469746 /* CasinoView.swift in Sources */ = {isa = PBXBuildFile; fileRef = 43DA4AEE2E5042F100469744 /* CasinoView.swift */; };
		43DA4B1E2E5042F500469748 /* AccountView.swift in Sources */ = {isa = PBXBuildFile; fileRef = 43DA4AEF2E5042F100469745 /* AccountView.swift */; };
		43DA4B222E5042F500469750 /* Theme.swift in Sources */ = {isa = PBXBuildFile; fileRef = 43DA4AF12E5042F100469750 /* Theme.swift */; };
		43DA4B242E5042F500469752 /* RouletteTableView.swift in Sources */ = {isa = PBXBuildFile; fileRef = 43DA4AF32E5042F100469752 /* RouletteTableView.swift */; };
		43DA4B262E5042F500469754 /* RouletteWheelView.swift in Sources */ = {isa = PBXBuildFile; fileRef = 43DA4AF52E5042F100469754 /* RouletteWheelView.swift */; };
		43DA4B282E5042F500469756 /* ChipView.swift in Sources */ = {isa = PBXBuildFile; fileRef = 43DA4AF72E5042F100469756 /* ChipView.swift */; };
/* End PBXBuildFile section */

/* Begin PBXContainerItemProxy section */
		43DA4AFF2E5042F500469741 /* PBXContainerItemProxy */ = {
			isa = PBXContainerItemProxy;
			containerPortal = 43DA4AE22E5042F000469741 /* Project object */;
			proxyType = 1;
			remoteGlobalIDString = 43DA4AF02E5042F500469741;
			remoteInfo = "DK_Rigged (iOS)";
		};
		43DA4B0B2E5042F500469741 /* PBXContainerItemProxy */ = {
			isa = PBXContainerItemProxy;
			containerPortal = 43DA4AE22E5042F000469741 /* Project object */;
			proxyType = 1;
			remoteGlobalIDString = 43DA4AF62E5042F500469741;
			remoteInfo = "DK_Rigged (macOS)";
		};
/* End PBXContainerItemProxy section */

/* Begin PBXFileReference section */
		43DA4AE82E5042F100469741 /* Shared.xcdatamodel */ = {isa = PBXFileReference; lastKnownFileType = wrapper.xcdatamodel; path = Shared.xcdatamodel; sourceTree = "<group>"; };
		43DA4AE92E5042F100469741 /* DK_RiggedApp.swift */ = {isa = PBXFileReference; lastKnownFileType = sourcecode.swift; path = DK_RiggedApp.swift; sourceTree = "<group>"; };
		43DA4AEA2E5042F100469741 /* ContentView.swift */ = {isa = PBXFileReference; lastKnownFileType = sourcecode.swift; path = ContentView.swift; sourceTree = "<group>"; };
		43DA4AEC2E5042F100469742 /* Models.swift */ = {isa = PBXFileReference; lastKnownFileType = sourcecode.swift; path = Models.swift; sourceTree = "<group>"; };
		43DA4AEC2E5042F100469743 /* AppState.swift */ = {isa = PBXFileReference; lastKnownFileType = sourcecode.swift; path = AppState.swift; sourceTree = "<group>"; };
		43DA4AEC2E5042F500469741 /* Assets.xcassets */ = {isa = PBXFileReference; lastKnownFileType = folder.assetcatalog; path = Assets.xcassets; sourceTree = "<group>"; };
		43DA4AED2E5042F100469743 /* SportsView.swift */ = {isa = PBXFileReference; lastKnownFileType = sourcecode.swift; path = SportsView.swift; sourceTree = "<group>"; };
		43DA4AEE2E5042F100469744 /* CasinoView.swift */ = {isa = PBXFileReference; lastKnownFileType = sourcecode.swift; path = CasinoView.swift; sourceTree = "<group>"; };
		43DA4AEF2E5042F100469745 /* AccountView.swift */ = {isa = PBXFileReference; lastKnownFileType = sourcecode.swift; path = AccountView.swift; sourceTree = "<group>"; };
		43DA4AF12E5042F100469750 /* Theme.swift */ = {isa = PBXFileReference; lastKnownFileType = sourcecode.swift; path = Theme.swift; sourceTree = "<group>"; };
		43DA4AF32E5042F100469752 /* RouletteTableView.swift */ = {isa = PBXFileReference; lastKnownFileType = sourcecode.swift; path = RouletteTableView.swift; sourceTree = "<group>"; };
		43DA4AF52E5042F100469754 /* RouletteWheelView.swift */ = {isa = PBXFileReference; lastKnownFileType = sourcecode.swift; path = RouletteWheelView.swift; sourceTree = "<group>"; };
		43DA4AF72E5042F100469756 /* ChipView.swift */ = {isa = PBXFileReference; lastKnownFileType = sourcecode.swift; path = ChipView.swift; sourceTree = "<group>"; };
		43DA4AF12E5042F500469741 /* DK_Rigged.app */ = {isa = PBXFileReference; explicitFileType = wrapper.application; includeInIndex = 0; path = DK_Rigged.app; sourceTree = BUILT_PRODUCTS_DIR; };
		43DA4AF72E5042F500469741 /* DK_Rigged.app */ = {isa = PBXFileReference; explicitFileType = wrapper.application; includeInIndex = 0; path = DK_Rigged.app; sourceTree = BUILT_PRODUCTS_DIR; };
		43DA4AF92E5042F500469741 /* macOS.entitlements */ = {isa = PBXFileReference; lastKnownFileType = text.plist.entitlements; path = macOS.entitlements; sourceTree = "<group>"; };
		43DA4AFE2E5042F500469741 /* Tests iOS.xctest */ = {isa = PBXFileReference; explicitFileType = wrapper.cfbundle; includeInIndex = 0; path = "Tests iOS.xctest"; sourceTree = BUILT_PRODUCTS_DIR; };
		43DA4B022E5042F500469741 /* Tests_iOS.swift */ = {isa = PBXFileReference; lastKnownFileType = sourcecode.swift; path = Tests_iOS.swift; sourceTree = "<group>"; };
		43DA4B042E5042F500469741 /* Tests_iOSLaunchTests.swift */ = {isa = PBXFileReference; lastKnownFileType = sourcecode.swift; path = Tests_iOSLaunchTests.swift; sourceTree = "<group>"; };
		43DA4B0A2E5042F500469741 /* Tests macOS.xctest */ = {isa = PBXFileReference; explicitFileType = wrapper.cfbundle; includeInIndex = 0; path = "Tests macOS.xctest"; sourceTree = BUILT_PRODUCTS_DIR; };
		43DA4B0E2E5042F500469741 /* Tests_macOS.swift */ = {isa = PBXFileReference; lastKnownFileType = sourcecode.swift; path = Tests_macOS.swift; sourceTree = "<group>"; };
		43DA4B102E5042F500469741 /* Tests_macOSLaunchTests.swift */ = {isa = PBXFileReference; lastKnownFileType = sourcecode.swift; path = Tests_macOSLaunchTests.swift; sourceTree = "<group>"; };
/* End PBXFileReference section */

/* Begin PBXFrameworksBuildPhase section */
		43DA4AEE2E5042F500469741 /* Frameworks */ = {
			isa = PBXFrameworksBuildPhase;
			buildActionMask = 2147483647;
			files = (
			);
			runOnlyForDeploymentPostprocessing = 0;
		};
		43DA4AF42E5042F500469741 /* Frameworks */ = {
			isa = PBXFrameworksBuildPhase;
			buildActionMask = 2147483647;
			files = (
			);
			runOnlyForDeploymentPostprocessing = 0;
		};
		43DA4AFB2E5042F500469741 /* Frameworks */ = {
			isa = PBXFrameworksBuildPhase;
			buildActionMask = 2147483647;
			files = (
			);
			runOnlyForDeploymentPostprocessing = 0;
		};
		43DA4B072E5042F500469741 /* Frameworks */ = {
			isa = PBXFrameworksBuildPhase;
			buildActionMask = 2147483647;
			files = (
			);
			runOnlyForDeploymentPostprocessing = 0;
		};
/* End PBXFrameworksBuildPhase section */

/* Begin PBXGroup section */
		43DA4AE12E5042F000469741 = {
			isa = PBXGroup;
			children = (
				43DA4AE62E5042F100469741 /* Shared */,
				43DA4AF82E5042F500469741 /* macOS */,
				43DA4B012E5042F500469741 /* Tests iOS */,
				43DA4B0D2E5042F500469741 /* Tests macOS */,
				43DA4AF22E5042F500469741 /* Products */,
			);
			sourceTree = "<group>";
		};
		43DA4AE62E5042F100469741 /* Shared */ = {
			isa = PBXGroup;
			children = (
				43DA4AE92E5042F100469741 /* DK_RiggedApp.swift */,
				43DA4AEA2E5042F100469741 /* ContentView.swift */,
				43DA4AEC2E5042F100469742 /* Models.swift */,
				43DA4AEC2E5042F100469743 /* AppState.swift */,
				43DA4AED2E5042F100469743 /* SportsView.swift */,
				43DA4AEE2E5042F100469744 /* CasinoView.swift */,
				43DA4AEF2E5042F100469745 /* AccountView.swift */,
				43DA4AF12E5042F100469750 /* Theme.swift */,
				43DA4AF32E5042F100469752 /* RouletteTableView.swift */,
				43DA4AF52E5042F100469754 /* RouletteWheelView.swift */,
				43DA4AF72E5042F100469756 /* ChipView.swift */,
				43DA4AEC2E5042F500469741 /* Assets.xcassets */,
				43DA4AE72E5042F100469741 /* DK_Rigged.xcdatamodeld */,
			);
			path = Shared;
			sourceTree = "<group>";
		};
		43DA4AF22E5042F500469741 /* Products */ = {
			isa = PBXGroup;
			children = (
				43DA4AF12E5042F500469741 /* DK_Rigged.app */,
				43DA4AF72E5042F500469741 /* DK_Rigged.app */,
				43DA4AFE2E5042F500469741 /* Tests iOS.xctest */,
				43DA4B0A2E5042F500469741 /* Tests macOS.xctest */,
			);
			name = Products;
			sourceTree = "<group>";
		};
		43DA4AF82E5042F500469741 /* macOS */ = {
			isa = PBXGroup;
			children = (
				43DA4AF92E5042F500469741 /* macOS.entitlements */,
			);
			path = macOS;
			sourceTree = "<group>";
		};
		43DA4B012E5042F500469741 /* Tests iOS */ = {
			isa = PBXGroup;
			children = (
				43DA4B022E5042F500469741 /* Tests_iOS.swift */,
				43DA4B042E5042F500469741 /* Tests_iOSLaunchTests.swift */,
			);
			path = "Tests iOS";
			sourceTree = "<group>";
		};
		43DA4B0D2E5042F500469741 /* Tests macOS */ = {
			isa = PBXGroup;
			children = (
				43DA4B0E2E5042F500469741 /* Tests_macOS.swift */,
				43DA4B102E5042F500469741 /* Tests_macOSLaunchTests.swift */,
			);
			path = "Tests macOS";
			sourceTree = "<group>";
		};
/* End PBXGroup section */

/* Begin PBXNativeTarget section */
		43DA4AF02E5042F500469741 /* DK_Rigged (iOS) */ = {
			isa = PBXNativeTarget;
			buildConfigurationList = 43DA4B1E2E5042F500469741 /* Build configuration list for PBXNativeTarget "DK_Rigged (iOS)" */;
			buildPhases = (
				43DA4AED2E5042F500469741 /* Sources */,
				43DA4AEE2E5042F500469741 /* Frameworks */,
				43DA4AEF2E5042F500469741 /* Resources */,
			);
			buildRules = (
			);
			dependencies = (
			);
			name = "DK_Rigged (iOS)";
			productName = "DK_Rigged (iOS)";
			productReference = 43DA4AF12E5042F500469741 /* DK_Rigged.app */;
			productType = "com.apple.product-type.application";
		};
		43DA4AF62E5042F500469741 /* DK_Rigged (macOS) */ = {
			isa = PBXNativeTarget;
			buildConfigurationList = 43DA4B212E5042F500469741 /* Build configuration list for PBXNativeTarget "DK_Rigged (macOS)" */;
			buildPhases = (
				43DA4AF32E5042F500469741 /* Sources */,
				43DA4AF42E5042F500469741 /* Frameworks */,
				43DA4AF52E5042F500469741 /* Resources */,
			);
			buildRules = (
			);
			dependencies = (
			);
			name = "DK_Rigged (macOS)";
			productName = "DK_Rigged (macOS)";
			productReference = 43DA4AF72E5042F500469741 /* DK_Rigged.app */;
			productType = "com.apple.product-type.application";
		};
		43DA4AFD2E5042F500469741 /* Tests iOS */ = {
			isa = PBXNativeTarget;
			buildConfigurationList = 43DA4B242E5042F500469741 /* Build configuration list for PBXNativeTarget "Tests iOS" */;
			buildPhases = (
				43DA4AFA2E5042F500469741 /* Sources */,
				43DA4AFB2E5042F500469741 /* Frameworks */,
				43DA4AFC2E5042F500469741 /* Resources */,
			);
			buildRules = (
			);
			dependencies = (
				43DA4B002E5042F500469741 /* PBXTargetDependency */,
			);
			name = "Tests iOS";
			productName = "Tests iOS";
			productReference = 43DA4AFE2E5042F500469741 /* Tests iOS.xctest */;
			productType = "com.apple.product-type.bundle.ui-testing";
		};
		43DA4B092E5042F500469741 /* Tests macOS */ = {
			isa = PBXNativeTarget;
			buildConfigurationList = 43DA4B272E5042F500469741 /* Build configuration list for PBXNativeTarget "Tests macOS" */;
			buildPhases = (
				43DA4B062E5042F500469741 /* Sources */,
				43DA4B072E5042F500469741 /* Frameworks */,
				43DA4B082E5042F500469741 /* Resources */,
			);
			buildRules = (
			);
			dependencies = (
				43DA4B0C2E5042F500469741 /* PBXTargetDependency */,
			);
			name = "Tests macOS";
			productName = "Tests macOS";
			productReference = 43DA4B0A2E5042F500469741 /* Tests macOS.xctest */;
			productType = "com.apple.product-type.bundle.ui-testing";
		};
/* End PBXNativeTarget section */

/* Begin PBXProject section */
		43DA4AE22E5042F000469741 /* Project object */ = {
			isa = PBXProject;
			attributes = {
				BuildIndependentTargetsInParallel = 1;
				LastSwiftUpdateCheck = 1340;
				LastUpgradeCheck = 1340;
				TargetAttributes = {
					43DA4AF02E5042F500469741 = {
						CreatedOnToolsVersion = 13.4.1;
					};
					43DA4AF62E5042F500469741 = {
						CreatedOnToolsVersion = 13.4.1;
					};
					43DA4AFD2E5042F500469741 = {
						CreatedOnToolsVersion = 13.4.1;
						TestTargetID = 43DA4AF02E5042F500469741;
					};
					43DA4B092E5042F500469741 = {
						CreatedOnToolsVersion = 13.4.1;
						TestTargetID = 43DA4AF62E5042F500469741;
					};
				};
			};
			buildConfigurationList = 43DA4AE52E5042F000469741 /* Build configuration list for PBXProject "DK_Rigged" */;
			compatibilityVersion = "Xcode 13.0";
			developmentRegion = en;
			hasScannedForEncodings = 0;
			knownRegions = (
				en,
				Base,
			);
			mainGroup = 43DA4AE12E5042F000469741;
			productRefGroup = 43DA4AF22E5042F500469741 /* Products */;
			projectDirPath = "";
			projectRoot = "";
			targets = (
				43DA4AF02E5042F500469741 /* DK_Rigged (iOS) */,
				43DA4AF62E5042F500469741 /* DK_Rigged (macOS) */,
				43DA4AFD2E5042F500469741 /* Tests iOS */,
				43DA4B092E5042F500469741 /* Tests macOS */,
			);
		};
/* End PBXProject section */

/* Begin PBXResourcesBuildPhase section */
		43DA4AEF2E5042F500469741 /* Resources */ = {
			isa = PBXResourcesBuildPhase;
			buildActionMask = 2147483647;
			files = (
				43DA4B1A2E5042F500469741 /* Assets.xcassets in Resources */,
			);
			runOnlyForDeploymentPostprocessing = 0;
		};
		43DA4AF52E5042F500469741 /* Resources */ = {
			isa = PBXResourcesBuildPhase;
			buildActionMask = 2147483647;
			files = (
				43DA4B1B2E5042F500469741 /* Assets.xcassets in Resources */,
			);
			runOnlyForDeploymentPostprocessing = 0;
		};
		43DA4AFC2E5042F500469741 /* Resources */ = {
			isa = PBXResourcesBuildPhase;
			buildActionMask = 2147483647;
			files = (
			);
			runOnlyForDeploymentPostprocessing = 0;
		};
		43DA4B082E5042F500469741 /* Resources */ = {
			isa = PBXResourcesBuildPhase;
			buildActionMask = 2147483647;
			files = (
			);
			runOnlyForDeploymentPostprocessing = 0;
		};
/* End PBXResourcesBuildPhase section */

/* Begin PBXSourcesBuildPhase section */
		43DA4AED2E5042F500469741 /* Sources */ = {
			isa = PBXSourcesBuildPhase;
			buildActionMask = 2147483647;
			files = (
				43DA4B142E5042F500469741 /* DK_RiggedApp.swift in Sources */,
				43DA4B122E5042F500469741 /* DK_Rigged.xcdatamodeld in Sources */,
				43DA4B162E5042F500469741 /* ContentView.swift in Sources */,
				43DA4B182E5042F500469742 /* Models.swift in Sources */,
				43DA4B202E5042F500469744 /* AppState.swift in Sources */,
				43DA4B1A2E5042F500469744 /* SportsView.swift in Sources */,
				43DA4B1C2E5042F500469746 /* CasinoView.swift in Sources */,
				43DA4B1E2E5042F500469748 /* AccountView.swift in Sources */,
				43DA4B222E5042F500469750 /* Theme.swift in Sources */,
				43DA4B242E5042F500469752 /* RouletteTableView.swift in Sources */,
				43DA4B262E5042F500469754 /* RouletteWheelView.swift in Sources */,
				43DA4B282E5042F500469756 /* ChipView.swift in Sources */,
			);
			runOnlyForDeploymentPostprocessing = 0;
		};
		43DA4AF32E5042F500469741 /* Sources */ = {
			isa = PBXSourcesBuildPhase;
			buildActionMask = 2147483647;
			files = (
				43DA4B152E5042F500469741 /* DK_RiggedApp.swift in Sources */,
				43DA4B132E5042F500469741 /* DK_Rigged.xcdatamodeld in Sources */,
				43DA4B172E5042F500469741 /* ContentView.swift in Sources */,
				43DA4B192E5042F500469743 /* Models.swift in Sources */,
				43DA4B212E5042F500469745 /* AppState.swift in Sources */,
				43DA4B1B2E5042F500469746 /* SportsView.swift in Sources */,
				43DA4B1D2E5042F500469747 /* CasinoView.swift in Sources */,
				43DA4B1F2E5042F500469749 /* AccountView.swift in Sources */,
				43DA4B232E5042F500469751 /* Theme.swift in Sources */,
				43DA4B252E5042F500469753 /* RouletteTableView.swift in Sources */,
				43DA4B272E5042F500469755 /* RouletteWheelView.swift in Sources */,
				43DA4B292E5042F500469757 /* ChipView.swift in Sources */,
			);
			runOnlyForDeploymentPostprocessing = 0;
		};
		43DA4AFA2E5042F500469741 /* Sources */ = {
			isa = PBXSourcesBuildPhase;
			buildActionMask = 2147483647;
			files = (
				43DA4B052E5042F500469741 /* Tests_iOSLaunchTests.swift in Sources */,
				43DA4B032E5042F500469741 /* Tests_iOS.swift in Sources */,
			);
			runOnlyForDeploymentPostprocessing = 0;
		};
		43DA4B062E5042F500469741 /* Sources */ = {
			isa = PBXSourcesBuildPhase;
			buildActionMask = 2147483647;
			files = (
				43DA4B112E5042F500469741 /* Tests_macOSLaunchTests.swift in Sources */,
				43DA4B0F2E5042F500469741 /* Tests_macOS.swift in Sources */,
			);
			runOnlyForDeploymentPostprocessing = 0;
		};
/* End PBXSourcesBuildPhase section */

/* Begin PBXTargetDependency section */
		43DA4B002E5042F500469741 /* PBXTargetDependency */ = {
			isa = PBXTargetDependency;
			target = 43DA4AF02E5042F500469741 /* DK_Rigged (iOS) */;
			targetProxy = 43DA4AFF2E5042F500469741 /* PBXContainerItemProxy */;
		};
		43DA4B0C2E5042F500469741 /* PBXTargetDependency */ = {
			isa = PBXTargetDependency;
			target = 43DA4AF62E5042F500469741 /* DK_Rigged (macOS) */;
			targetProxy = 43DA4B0B2E5042F500469741 /* PBXContainerItemProxy */;
		};
/* End PBXTargetDependency section */

/* Begin XCBuildConfiguration section */
		43DA4B1C2E5042F500469741 /* Debug */ = {
			isa = XCBuildConfiguration;
			buildSettings = {
				ALWAYS_SEARCH_USER_PATHS = NO;
				CLANG_ANALYZER_NONNULL = YES;
				CLANG_ANALYZER_NUMBER_OBJECT_CONVERSION = YES_AGGRESSIVE;
				CLANG_CXX_LANGUAGE_STANDARD = "gnu++17";
				CLANG_ENABLE_MODULES = YES;
				CLANG_ENABLE_OBJC_ARC = YES;
				CLANG_ENABLE_OBJC_WEAK = YES;
				CLANG_WARN_BLOCK_CAPTURE_AUTORELEASING = YES;
				CLANG_WARN_BOOL_CONVERSION = YES;
				CLANG_WARN_COMMA = YES;
				CLANG_WARN_CONSTANT_CONVERSION = YES;
				CLANG_WARN_DEPRECATED_OBJC_IMPLEMENTATIONS = YES;
				CLANG_WARN_DIRECT_OBJC_ISA_USAGE = YES_ERROR;
				CLANG_WARN_DOCUMENTATION_COMMENTS = YES;
				CLANG_WARN_EMPTY_BODY = YES;
				CLANG_WARN_ENUM_CONVERSION = YES;
				CLANG_WARN_INFINITE_RECURSION = YES;
				CLANG_WARN_INT_CONVERSION = YES;
				CLANG_WARN_NON_LITERAL_NULL_CONVERSION = YES;
				CLANG_WARN_OBJC_IMPLICIT_RETAIN_SELF = YES;
				CLANG_WARN_OBJC_LITERAL_CONVERSION = YES;
				CLANG_WARN_OBJC_ROOT_CLASS = YES_ERROR;
				CLANG_WARN_QUOTED_INCLUDE_IN_FRAMEWORK_HEADER = YES;
				CLANG_WARN_RANGE_LOOP_ANALYSIS = YES;
				CLANG_WARN_STRICT_PROTOTYPES = YES;
				CLANG_WARN_SUSPICIOUS_MOVE = YES;
				CLANG_WARN_UNGUARDED_AVAILABILITY = YES_AGGRESSIVE;
				CLANG_WARN_UNREACHABLE_CODE = YES;
				CLANG_WARN__DUPLICATE_METHOD_MATCH = YES;
				COPY_PHASE_STRIP = NO;
				DEBUG_INFORMATION_FORMAT = dwarf;
				ENABLE_STRICT_OBJC_MSGSEND = YES;
				ENABLE_TESTABILITY = YES;
				GCC_C_LANGUAGE_STANDARD = gnu11;
				GCC_DYNAMIC_NO_PIC = NO;
				GCC_NO_COMMON_BLOCKS = YES;
				GCC_OPTIMIZATION_LEVEL = 0;
				GCC_PREPROCESSOR_DEFINITIONS = (
					"DEBUG=1",
					"$(inherited)",
				);
				GCC_WARN_64_TO_32_BIT_CONVERSION = YES;
				GCC_WARN_ABOUT_RETURN_TYPE = YES_ERROR;
				GCC_WARN_UNDECLARED_SELECTOR = YES;
				GCC_WARN_UNINITIALIZED_AUTOS = YES_AGGRESSIVE;
				GCC_WARN_UNUSED_FUNCTION = YES;
				GCC_WARN_UNUSED_VARIABLE = YES;
				MTL_ENABLE_DEBUG_INFO = INCLUDE_SOURCE;
				MTL_FAST_MATH = YES;
				ONLY_ACTIVE_ARCH = YES;
				SWIFT_ACTIVE_COMPILATION_CONDITIONS = DEBUG;
				SWIFT_OPTIMIZATION_LEVEL = "-Onone";
			};
			name = Debug;
		};
		43DA4B1D2E5042F500469741 /* Release */ = {
			isa = XCBuildConfiguration;
			buildSettings = {
				ALWAYS_SEARCH_USER_PATHS = NO;
				CLANG_ANALYZER_NONNULL = YES;
				CLANG_ANALYZER_NUMBER_OBJECT_CONVERSION = YES_AGGRESSIVE;
				CLANG_CXX_LANGUAGE_STANDARD = "gnu++17";
				CLANG_ENABLE_MODULES = YES;
				CLANG_ENABLE_OBJC_ARC = YES;
				CLANG_ENABLE_OBJC_WEAK = YES;
				CLANG_WARN_BLOCK_CAPTURE_AUTORELEASING = YES;
				CLANG_WARN_BOOL_CONVERSION = YES;
				CLANG_WARN_COMMA = YES;
				CLANG_WARN_CONSTANT_CONVERSION = YES;
				CLANG_WARN_DEPRECATED_OBJC_IMPLEMENTATIONS = YES;
				CLANG_WARN_DIRECT_OBJC_ISA_USAGE = YES_ERROR;
				CLANG_WARN_DOCUMENTATION_COMMENTS = YES;
				CLANG_WARN_EMPTY_BODY = YES;
				CLANG_WARN_ENUM_CONVERSION = YES;
				CLANG_WARN_INFINITE_RECURSION = YES;
				CLANG_WARN_INT_CONVERSION = YES;
				CLANG_WARN_NON_LITERAL_NULL_CONVERSION = YES;
				CLANG_WARN_OBJC_IMPLICIT_RETAIN_SELF = YES;
				CLANG_WARN_OBJC_LITERAL_CONVERSION = YES;
				CLANG_WARN_OBJC_ROOT_CLASS = YES_ERROR;
				CLANG_WARN_QUOTED_INCLUDE_IN_FRAMEWORK_HEADER = YES;
				CLANG_WARN_RANGE_LOOP_ANALYSIS = YES;
				CLANG_WARN_STRICT_PROTOTYPES = YES;
				CLANG_WARN_SUSPICIOUS_MOVE = YES;
				CLANG_WARN_UNGUARDED_AVAILABILITY = YES_AGGRESSIVE;
				CLANG_WARN_UNREACHABLE_CODE = YES;
				CLANG_WARN__DUPLICATE_METHOD_MATCH = YES;
				COPY_PHASE_STRIP = NO;
				DEBUG_INFORMATION_FORMAT = "dwarf-with-dsym";
				ENABLE_NS_ASSERTIONS = NO;
				ENABLE_STRICT_OBJC_MSGSEND = YES;
				GCC_C_LANGUAGE_STANDARD = gnu11;
				GCC_NO_COMMON_BLOCKS = YES;
				GCC_WARN_64_TO_32_BIT_CONVERSION = YES;
				GCC_WARN_ABOUT_RETURN_TYPE = YES_ERROR;
				GCC_WARN_UNDECLARED_SELECTOR = YES;
				GCC_WARN_UNINITIALIZED_AUTOS = YES_AGGRESSIVE;
				GCC_WARN_UNUSED_FUNCTION = YES;
				GCC_WARN_UNUSED_VARIABLE = YES;
				MTL_ENABLE_DEBUG_INFO = NO;
				MTL_FAST_MATH = YES;
				SWIFT_COMPILATION_MODE = wholemodule;
				SWIFT_OPTIMIZATION_LEVEL = "-O";
			};
			name = Release;
		};
		43DA4B1F2E5042F500469741 /* Debug */ = {
			isa = XCBuildConfiguration;
			buildSettings = {
				ASSETCATALOG_COMPILER_APPICON_NAME = AppIcon;
				ASSETCATALOG_COMPILER_GLOBAL_ACCENT_COLOR_NAME = AccentColor;
				CODE_SIGN_STYLE = Automatic;
				CURRENT_PROJECT_VERSION = 1;
				DEVELOPMENT_TEAM = TZHNK9H4AL;
				ENABLE_PREVIEWS = YES;
				GENERATE_INFOPLIST_FILE = YES;
				INFOPLIST_KEY_UIApplicationSceneManifest_Generation = YES;
				INFOPLIST_KEY_UIApplicationSupportsIndirectInputEvents = YES;
				INFOPLIST_KEY_UILaunchScreen_Generation = YES;
				INFOPLIST_KEY_UISupportedInterfaceOrientations_iPad = "UIInterfaceOrientationPortrait UIInterfaceOrientationPortraitUpsideDown UIInterfaceOrientationLandscapeLeft UIInterfaceOrientationLandscapeRight";
				INFOPLIST_KEY_UISupportedInterfaceOrientations_iPhone = "UIInterfaceOrientationPortrait UIInterfaceOrientationLandscapeLeft UIInterfaceOrientationLandscapeRight";
				IPHONEOS_DEPLOYMENT_TARGET = 15.0;
				LD_RUNPATH_SEARCH_PATHS = (
					"$(inherited)",
					"@executable_path/Frameworks",
				);
				MARKETING_VERSION = 1.0;
				PRODUCT_BUNDLE_IDENTIFIER = "com.example.DK-Rigged.DK-Rigged";
				PRODUCT_NAME = DK_Rigged;
				SDKROOT = iphoneos;
				SWIFT_EMIT_LOC_STRINGS = YES;
				SWIFT_VERSION = 5.0;
				TARGETED_DEVICE_FAMILY = "1,2";
			};
			name = Debug;
		};
		43DA4B202E5042F500469741 /* Release */ = {
			isa = XCBuildConfiguration;
			buildSettings = {
				ASSETCATALOG_COMPILER_APPICON_NAME = AppIcon;
				ASSETCATALOG_COMPILER_GLOBAL_ACCENT_COLOR_NAME = AccentColor;
				CODE_SIGN_STYLE = Automatic;
				CURRENT_PROJECT_VERSION = 1;
				DEVELOPMENT_TEAM = TZHNK9H4AL;
				ENABLE_PREVIEWS = YES;
				GENERATE_INFOPLIST_FILE = YES;
				INFOPLIST_KEY_UIApplicationSceneManifest_Generation = YES;
				INFOPLIST_KEY_UIApplicationSupportsIndirectInputEvents = YES;
				INFOPLIST_KEY_UILaunchScreen_Generation = YES;
				INFOPLIST_KEY_UISupportedInterfaceOrientations_iPad = "UIInterfaceOrientationPortrait UIInterfaceOrientationPortraitUpsideDown UIInterfaceOrientationLandscapeLeft UIInterfaceOrientationLandscapeRight";
				INFOPLIST_KEY_UISupportedInterfaceOrientations_iPhone = "UIInterfaceOrientationPortrait UIInterfaceOrientationLandscapeLeft UIInterfaceOrientationLandscapeRight";
				IPHONEOS_DEPLOYMENT_TARGET = 15.0;
				LD_RUNPATH_SEARCH_PATHS = (
					"$(inherited)",
					"@executable_path/Frameworks",
				);
				MARKETING_VERSION = 1.0;
				PRODUCT_BUNDLE_IDENTIFIER = "com.example.DK-Rigged.DK-Rigged";
				PRODUCT_NAME = DK_Rigged;
				SDKROOT = iphoneos;
				SWIFT_EMIT_LOC_STRINGS = YES;
				SWIFT_VERSION = 5.0;
				TARGETED_DEVICE_FAMILY = "1,2";
				VALIDATE_PRODUCT = YES;
			};
			name = Release;
		};
		43DA4B222E5042F500469741 /* Debug */ = {
			isa = XCBuildConfiguration;
			buildSettings = {
				ASSETCATALOG_COMPILER_APPICON_NAME = AppIcon;
				ASSETCATALOG_COMPILER_GLOBAL_ACCENT_COLOR_NAME = AccentColor;
				CODE_SIGN_ENTITLEMENTS = macOS/macOS.entitlements;
				CODE_SIGN_STYLE = Automatic;
				COMBINE_HIDPI_IMAGES = YES;
				CURRENT_PROJECT_VERSION = 1;
				DEVELOPMENT_TEAM = TZHNK9H4AL;
				ENABLE_HARDENED_RUNTIME = YES;
				ENABLE_PREVIEWS = YES;
				GENERATE_INFOPLIST_FILE = YES;
				INFOPLIST_KEY_NSHumanReadableCopyright = "";
				LD_RUNPATH_SEARCH_PATHS = (
					"$(inherited)",
					"@executable_path/../Frameworks",
				);
				MACOSX_DEPLOYMENT_TARGET = 12.1;
				MARKETING_VERSION = 1.0;
				PRODUCT_BUNDLE_IDENTIFIER = "com.example.DK-Rigged.DK-Rigged";
				PRODUCT_NAME = DK_Rigged;
				SDKROOT = macosx;
				SWIFT_EMIT_LOC_STRINGS = YES;
				SWIFT_VERSION = 5.0;
			};
			name = Debug;
		};
		43DA4B232E5042F500469741 /* Release */ = {
			isa = XCBuildConfiguration;
			buildSettings = {
				ASSETCATALOG_COMPILER_APPICON_NAME = AppIcon;
				ASSETCATALOG_COMPILER_GLOBAL_ACCENT_COLOR_NAME = AccentColor;
				CODE_SIGN_ENTITLEMENTS = macOS/macOS.entitlements;
				CODE_SIGN_STYLE = Automatic;
				COMBINE_HIDPI_IMAGES = YES;
				CURRENT_PROJECT_VERSION = 1;
				DEVELOPMENT_TEAM = TZHNK9H4AL;
				ENABLE_HARDENED_RUNTIME = YES;
				ENABLE_PREVIEWS = YES;
				GENERATE_INFOPLIST_FILE = YES;
				INFOPLIST_KEY_NSHumanReadableCopyright = "";
				LD_RUNPATH_SEARCH_PATHS = (
					"$(inherited)",
					"@executable_path/../Frameworks",
				);
				MACOSX_DEPLOYMENT_TARGET = 12.1;
				MARKETING_VERSION = 1.0;
				PRODUCT_BUNDLE_IDENTIFIER = "com.example.DK-Rigged.DK-Rigged";
				PRODUCT_NAME = DK_Rigged;
				SDKROOT = macosx;
				SWIFT_EMIT_LOC_STRINGS = YES;
				SWIFT_VERSION = 5.0;
			};
			name = Release;
		};
		43DA4B252E5042F500469741 /* Debug */ = {
			isa = XCBuildConfiguration;
			buildSettings = {
				ALWAYS_EMBED_SWIFT_STANDARD_LIBRARIES = YES;
				CODE_SIGN_STYLE = Automatic;
				CURRENT_PROJECT_VERSION = 1;
				DEVELOPMENT_TEAM = TZHNK9H4AL;
				GENERATE_INFOPLIST_FILE = YES;
				IPHONEOS_DEPLOYMENT_TARGET = 15.0;
				MARKETING_VERSION = 1.0;
				PRODUCT_BUNDLE_IDENTIFIER = "com.example.DK-Rigged.Tests-iOS";
				PRODUCT_NAME = "$(TARGET_NAME)";
				SDKROOT = iphoneos;
				SWIFT_EMIT_LOC_STRINGS = NO;
				SWIFT_VERSION = 5.0;
				TARGETED_DEVICE_FAMILY = "1,2";
				TEST_TARGET_NAME = "DK_Rigged (iOS)";
			};
			name = Debug;
		};
		43DA4B262E5042F500469741 /* Release */ = {
			isa = XCBuildConfiguration;
			buildSettings = {
				ALWAYS_EMBED_SWIFT_STANDARD_LIBRARIES = YES;
				CODE_SIGN_STYLE = Automatic;
				CURRENT_PROJECT_VERSION = 1;
				DEVELOPMENT_TEAM = TZHNK9H4AL;
				GENERATE_INFOPLIST_FILE = YES;
				IPHONEOS_DEPLOYMENT_TARGET = 15.0;
				MARKETING_VERSION = 1.0;
				PRODUCT_BUNDLE_IDENTIFIER = "com.example.DK-Rigged.Tests-iOS";
				PRODUCT_NAME = "$(TARGET_NAME)";
				SDKROOT = iphoneos;
				SWIFT_EMIT_LOC_STRINGS = NO;
				SWIFT_VERSION = 5.0;
				TARGETED_DEVICE_FAMILY = "1,2";
				TEST_TARGET_NAME = "DK_Rigged (iOS)";
				VALIDATE_PRODUCT = YES;
			};
			name = Release;
		};
		43DA4B282E5042F500469741 /* Debug */ = {
			isa = XCBuildConfiguration;
			buildSettings = {
				ALWAYS_EMBED_SWIFT_STANDARD_LIBRARIES = YES;
				CODE_SIGN_STYLE = Automatic;
				CURRENT_PROJECT_VERSION = 1;
				DEVELOPMENT_TEAM = TZHNK9H4AL;
				GENERATE_INFOPLIST_FILE = YES;
				MACOSX_DEPLOYMENT_TARGET = 12.1;
				MARKETING_VERSION = 1.0;
				PRODUCT_BUNDLE_IDENTIFIER = "com.example.DK-Rigged.Tests-macOS";
				PRODUCT_NAME = "$(TARGET_NAME)";
				SDKROOT = macosx;
				SWIFT_EMIT_LOC_STRINGS = NO;
				SWIFT_VERSION = 5.0;
				TEST_TARGET_NAME = "DK_Rigged (macOS)";
			};
			name = Debug;
		};
		43DA4B292E5042F500469741 /* Release */ = {
			isa = XCBuildConfiguration;
			buildSettings = {
				ALWAYS_EMBED_SWIFT_STANDARD_LIBRARIES = YES;
				CODE_SIGN_STYLE = Automatic;
				CURRENT_PROJECT_VERSION = 1;
				DEVELOPMENT_TEAM = TZHNK9H4AL;
				GENERATE_INFOPLIST_FILE = YES;
				MACOSX_DEPLOYMENT_TARGET = 12.1;
				MARKETING_VERSION = 1.0;
				PRODUCT_BUNDLE_IDENTIFIER = "com.example.DK-Rigged.Tests-macOS";
				PRODUCT_NAME = "$(TARGET_NAME)";
				SDKROOT = macosx;
				SWIFT_EMIT_LOC_STRINGS = NO;
				SWIFT_VERSION = 5.0;
				TEST_TARGET_NAME = "DK_Rigged (macOS)";
			};
			name = Release;
		};
/* End XCBuildConfiguration section */

/* Begin XCConfigurationList section */
		43DA4AE52E5042F000469741 /* Build configuration list for PBXProject "DK_Rigged" */ = {
			isa = XCConfigurationList;
			buildConfigurations = (
				43DA4B1C2E5042F500469741 /* Debug */,
				43DA4B1D2E5042F500469741 /* Release */,
			);
			defaultConfigurationIsVisible = 0;
			defaultConfigurationName = Release;
		};
		43DA4B1E2E5042F500469741 /* Build configuration list for PBXNativeTarget "DK_Rigged (iOS)" */ = {
			isa = XCConfigurationList;
			buildConfigurations = (
				43DA4B1F2E5042F500469741 /* Debug */,
				43DA4B202E5042F500469741 /* Release */,
			);
			defaultConfigurationIsVisible = 0;
			defaultConfigurationName = Release;
		};
		43DA4B212E5042F500469741 /* Build configuration list for PBXNativeTarget "DK_Rigged (macOS)" */ = {
			isa = XCConfigurationList;
			buildConfigurations = (
				43DA4B222E5042F500469741 /* Debug */,
				43DA4B232E5042F500469741 /* Release */,
			);
			defaultConfigurationIsVisible = 0;
			defaultConfigurationName = Release;
		};
		43DA4B242E5042F500469741 /* Build configuration list for PBXNativeTarget "Tests iOS" */ = {
			isa = XCConfigurationList;
			buildConfigurations = (
				43DA4B252E5042F500469741 /* Debug */,
				43DA4B262E5042F500469741 /* Release */,
			);
			defaultConfigurationIsVisible = 0;
			defaultConfigurationName = Release;
		};
		43DA4B272E5042F500469741 /* Build configuration list for PBXNativeTarget "Tests macOS" */ = {
			isa = XCConfigurationList;
			buildConfigurations = (
				43DA4B282E5042F500469741 /* Debug */,
				43DA4B292E5042F500469741 /* Release */,
			);
			defaultConfigurationIsVisible = 0;
			defaultConfigurationName = Release;
		};
/* End XCConfigurationList section */

/* Begin XCVersionGroup section */
		43DA4AE72E5042F100469741 /* DK_Rigged.xcdatamodeld */ = {
			isa = XCVersionGroup;
			children = (
				43DA4AE82E5042F100469741 /* Shared.xcdatamodel */,
			);
			currentVersion = 43DA4AE82E5042F100469741 /* Shared.xcdatamodel */;
			path = DK_Rigged.xcdatamodeld;
			sourceTree = "<group>";
			versionGroupType = wrapper.xcdatamodel;
		};
/* End XCVersionGroup section */
	};
	rootObject = 43DA4AE22E5042F000469741 /* Project object */;
}
